// !$*UTF8*$!
{
	archiveVersion = 1;
	classes = {
	};
	objectVersion = 55;
	objects = {

/* Begin PBXBuildFile section */
		94311A02298E16EF00B41505 /* AppDelegate.swift in Sources */ = {isa = PBXBuildFile; fileRef = 94311A01298E16EF00B41505 /* AppDelegate.swift */; };
		94311A04298E16EF00B41505 /* SceneDelegate.swift in Sources */ = {isa = PBXBuildFile; fileRef = 94311A03298E16EF00B41505 /* SceneDelegate.swift */; };
		94311A06298E16EF00B41505 /* ViewController.swift in Sources */ = {isa = PBXBuildFile; fileRef = 94311A05298E16EF00B41505 /* ViewController.swift */; };
		94311A09298E16EF00B41505 /* Main.storyboard in Resources */ = {isa = PBXBuildFile; fileRef = 94311A07298E16EF00B41505 /* Main.storyboard */; };
		94311A0B298E16F200B41505 /* Assets.xcassets in Resources */ = {isa = PBXBuildFile; fileRef = 94311A0A298E16F200B41505 /* Assets.xcassets */; };
		94311A0E298E16F200B41505 /* LaunchScreen.storyboard in Resources */ = {isa = PBXBuildFile; fileRef = 94311A0C298E16F200B41505 /* LaunchScreen.storyboard */; };
		94311A19298E16F200B41505 /* MyDietDiaryApp2Tests.swift in Sources */ = {isa = PBXBuildFile; fileRef = 94311A18298E16F200B41505 /* MyDietDiaryApp2Tests.swift */; };
		94311A23298E16F200B41505 /* MyDietDiaryApp2UITests.swift in Sources */ = {isa = PBXBuildFile; fileRef = 94311A22298E16F200B41505 /* MyDietDiaryApp2UITests.swift */; };
		94311A25298E16F200B41505 /* MyDietDiaryApp2UITestsLaunchTests.swift in Sources */ = {isa = PBXBuildFile; fileRef = 94311A24298E16F200B41505 /* MyDietDiaryApp2UITestsLaunchTests.swift */; };
		94311A32298E185500B41505 /* MainTabBarController.swift in Sources */ = {isa = PBXBuildFile; fileRef = 94311A31298E185500B41505 /* MainTabBarController.swift */; };
/* End PBXBuildFile section */

/* Begin PBXContainerItemProxy section */
		94311A15298E16F200B41505 /* PBXContainerItemProxy */ = {
			isa = PBXContainerItemProxy;
			containerPortal = 943119F6298E16EF00B41505 /* Project object */;
			proxyType = 1;
			remoteGlobalIDString = 943119FD298E16EF00B41505;
			remoteInfo = MyDietDiaryApp2;
		};
		94311A1F298E16F200B41505 /* PBXContainerItemProxy */ = {
			isa = PBXContainerItemProxy;
			containerPortal = 943119F6298E16EF00B41505 /* Project object */;
			proxyType = 1;
			remoteGlobalIDString = 943119FD298E16EF00B41505;
			remoteInfo = MyDietDiaryApp2;
		};
/* End PBXContainerItemProxy section */

/* Begin PBXFileReference section */
		943119FE298E16EF00B41505 /* MyDietDiaryApp2.app */ = {isa = PBXFileReference; explicitFileType = wrapper.application; includeInIndex = 0; path = MyDietDiaryApp2.app; sourceTree = BUILT_PRODUCTS_DIR; };
		94311A01298E16EF00B41505 /* AppDelegate.swift */ = {isa = PBXFileReference; lastKnownFileType = sourcecode.swift; path = AppDelegate.swift; sourceTree = "<group>"; };
		94311A03298E16EF00B41505 /* SceneDelegate.swift */ = {isa = PBXFileReference; lastKnownFileType = sourcecode.swift; path = SceneDelegate.swift; sourceTree = "<group>"; };
		94311A05298E16EF00B41505 /* ViewController.swift */ = {isa = PBXFileReference; lastKnownFileType = sourcecode.swift; path = ViewController.swift; sourceTree = "<group>"; };
		94311A08298E16EF00B41505 /* Base */ = {isa = PBXFileReference; lastKnownFileType = file.storyboard; name = Base; path = Base.lproj/Main.storyboard; sourceTree = "<group>"; };
		94311A0A298E16F200B41505 /* Assets.xcassets */ = {isa = PBXFileReference; lastKnownFileType = folder.assetcatalog; path = Assets.xcassets; sourceTree = "<group>"; };
		94311A0D298E16F200B41505 /* Base */ = {isa = PBXFileReference; lastKnownFileType = file.storyboard; name = Base; path = Base.lproj/LaunchScreen.storyboard; sourceTree = "<group>"; };
		94311A0F298E16F200B41505 /* Info.plist */ = {isa = PBXFileReference; lastKnownFileType = text.plist.xml; path = Info.plist; sourceTree = "<group>"; };
		94311A14298E16F200B41505 /* MyDietDiaryApp2Tests.xctest */ = {isa = PBXFileReference; explicitFileType = wrapper.cfbundle; includeInIndex = 0; path = MyDietDiaryApp2Tests.xctest; sourceTree = BUILT_PRODUCTS_DIR; };
		94311A18298E16F200B41505 /* MyDietDiaryApp2Tests.swift */ = {isa = PBXFileReference; lastKnownFileType = sourcecode.swift; path = MyDietDiaryApp2Tests.swift; sourceTree = "<group>"; };
		94311A1E298E16F200B41505 /* MyDietDiaryApp2UITests.xctest */ = {isa = PBXFileReference; explicitFileType = wrapper.cfbundle; includeInIndex = 0; path = MyDietDiaryApp2UITests.xctest; sourceTree = BUILT_PRODUCTS_DIR; };
		94311A22298E16F200B41505 /* MyDietDiaryApp2UITests.swift */ = {isa = PBXFileReference; lastKnownFileType = sourcecode.swift; path = MyDietDiaryApp2UITests.swift; sourceTree = "<group>"; };
		94311A24298E16F200B41505 /* MyDietDiaryApp2UITestsLaunchTests.swift */ = {isa = PBXFileReference; lastKnownFileType = sourcecode.swift; path = MyDietDiaryApp2UITestsLaunchTests.swift; sourceTree = "<group>"; };
		94311A31298E185500B41505 /* MainTabBarController.swift */ = {isa = PBXFileReference; lastKnownFileType = sourcecode.swift; path = MainTabBarController.swift; sourceTree = "<group>"; };
/* End PBXFileReference section */

/* Begin PBXFrameworksBuildPhase section */
		943119FB298E16EF00B41505 /* Frameworks */ = {
			isa = PBXFrameworksBuildPhase;
			buildActionMask = 2147483647;
			files = (
			);
			runOnlyForDeploymentPostprocessing = 0;
		};
		94311A11298E16F200B41505 /* Frameworks */ = {
			isa = PBXFrameworksBuildPhase;
			buildActionMask = 2147483647;
			files = (
			);
			runOnlyForDeploymentPostprocessing = 0;
		};
		94311A1B298E16F200B41505 /* Frameworks */ = {
			isa = PBXFrameworksBuildPhase;
			buildActionMask = 2147483647;
			files = (
			);
			runOnlyForDeploymentPostprocessing = 0;
		};
/* End PBXFrameworksBuildPhase section */

/* Begin PBXGroup section */
		943119F5298E16EF00B41505 = {
			isa = PBXGroup;
			children = (
				94311A00298E16EF00B41505 /* MyDietDiaryApp2 */,
				94311A17298E16F200B41505 /* MyDietDiaryApp2Tests */,
				94311A21298E16F200B41505 /* MyDietDiaryApp2UITests */,
				943119FF298E16EF00B41505 /* Products */,
			);
			sourceTree = "<group>";
		};
		943119FF298E16EF00B41505 /* Products */ = {
			isa = PBXGroup;
			children = (
				943119FE298E16EF00B41505 /* MyDietDiaryApp2.app */,
				94311A14298E16F200B41505 /* MyDietDiaryApp2Tests.xctest */,
				94311A1E298E16F200B41505 /* MyDietDiaryApp2UITests.xctest */,
			);
			name = Products;
			sourceTree = "<group>";
		};
		94311A00298E16EF00B41505 /* MyDietDiaryApp2 */ = {
			isa = PBXGroup;
			children = (
				94311A31298E185500B41505 /* MainTabBarController.swift */,
				94311A01298E16EF00B41505 /* AppDelegate.swift */,
				94311A03298E16EF00B41505 /* SceneDelegate.swift */,
				94311A05298E16EF00B41505 /* ViewController.swift */,
				94311A07298E16EF00B41505 /* Main.storyboard */,
				94311A0A298E16F200B41505 /* Assets.xcassets */,
				94311A0C298E16F200B41505 /* LaunchScreen.storyboard */,
				94311A0F298E16F200B41505 /* Info.plist */,
			);
			path = MyDietDiaryApp2;
			sourceTree = "<group>";
		};
		94311A17298E16F200B41505 /* MyDietDiaryApp2Tests */ = {
			isa = PBXGroup;
			children = (
				94311A18298E16F200B41505 /* MyDietDiaryApp2Tests.swift */,
			);
			path = MyDietDiaryApp2Tests;
			sourceTree = "<group>";
		};
		94311A21298E16F200B41505 /* MyDietDiaryApp2UITests */ = {
			isa = PBXGroup;
			children = (
				94311A22298E16F200B41505 /* MyDietDiaryApp2UITests.swift */,
				94311A24298E16F200B41505 /* MyDietDiaryApp2UITestsLaunchTests.swift */,
			);
			path = MyDietDiaryApp2UITests;
			sourceTree = "<group>";
		};
/* End PBXGroup section */

/* Begin PBXNativeTarget section */
		943119FD298E16EF00B41505 /* MyDietDiaryApp2 */ = {
			isa = PBXNativeTarget;
			buildConfigurationList = 94311A28298E16F300B41505 /* Build configuration list for PBXNativeTarget "MyDietDiaryApp2" */;
			buildPhases = (
				943119FA298E16EF00B41505 /* Sources */,
				943119FB298E16EF00B41505 /* Frameworks */,
				943119FC298E16EF00B41505 /* Resources */,
			);
			buildRules = (
			);
			dependencies = (
			);
			name = MyDietDiaryApp2;
			productName = MyDietDiaryApp2;
			productReference = 943119FE298E16EF00B41505 /* MyDietDiaryApp2.app */;
			productType = "com.apple.product-type.application";
		};
		94311A13298E16F200B41505 /* MyDietDiaryApp2Tests */ = {
			isa = PBXNativeTarget;
			buildConfigurationList = 94311A2B298E16F300B41505 /* Build configuration list for PBXNativeTarget "MyDietDiaryApp2Tests" */;
			buildPhases = (
				94311A10298E16F200B41505 /* Sources */,
				94311A11298E16F200B41505 /* Frameworks */,
				94311A12298E16F200B41505 /* Resources */,
			);
			buildRules = (
			);
			dependencies = (
				94311A16298E16F200B41505 /* PBXTargetDependency */,
			);
			name = MyDietDiaryApp2Tests;
			productName = MyDietDiaryApp2Tests;
			productReference = 94311A14298E16F200B41505 /* MyDietDiaryApp2Tests.xctest */;
			productType = "com.apple.product-type.bundle.unit-test";
		};
		94311A1D298E16F200B41505 /* MyDietDiaryApp2UITests */ = {
			isa = PBXNativeTarget;
			buildConfigurationList = 94311A2E298E16F300B41505 /* Build configuration list for PBXNativeTarget "MyDietDiaryApp2UITests" */;
			buildPhases = (
				94311A1A298E16F200B41505 /* Sources */,
				94311A1B298E16F200B41505 /* Frameworks */,
				94311A1C298E16F200B41505 /* Resources */,
			);
			buildRules = (
			);
			dependencies = (
				94311A20298E16F200B41505 /* PBXTargetDependency */,
			);
			name = MyDietDiaryApp2UITests;
			productName = MyDietDiaryApp2UITests;
			productReference = 94311A1E298E16F200B41505 /* MyDietDiaryApp2UITests.xctest */;
			productType = "com.apple.product-type.bundle.ui-testing";
		};
/* End PBXNativeTarget section */

/* Begin PBXProject section */
		943119F6298E16EF00B41505 /* Project object */ = {
			isa = PBXProject;
			attributes = {
				BuildIndependentTargetsInParallel = 1;
				LastSwiftUpdateCheck = 1340;
				LastUpgradeCheck = 1340;
				TargetAttributes = {
					943119FD298E16EF00B41505 = {
						CreatedOnToolsVersion = 13.4.1;
					};
					94311A13298E16F200B41505 = {
						CreatedOnToolsVersion = 13.4.1;
						TestTargetID = 943119FD298E16EF00B41505;
					};
					94311A1D298E16F200B41505 = {
						CreatedOnToolsVersion = 13.4.1;
						TestTargetID = 943119FD298E16EF00B41505;
					};
				};
			};
			buildConfigurationList = 943119F9298E16EF00B41505 /* Build configuration list for PBXProject "MyDietDiaryApp2" */;
			compatibilityVersion = "Xcode 13.0";
			developmentRegion = en;
			hasScannedForEncodings = 0;
			knownRegions = (
				en,
				Base,
			);
			mainGroup = 943119F5298E16EF00B41505;
			productRefGroup = 943119FF298E16EF00B41505 /* Products */;
			projectDirPath = "";
			projectRoot = "";
			targets = (
				943119FD298E16EF00B41505 /* MyDietDiaryApp2 */,
				94311A13298E16F200B41505 /* MyDietDiaryApp2Tests */,
				94311A1D298E16F200B41505 /* MyDietDiaryApp2UITests */,
			);
		};
/* End PBXProject section */

/* Begin PBXResourcesBuildPhase section */
		943119FC298E16EF00B41505 /* Resources */ = {
			isa = PBXResourcesBuildPhase;
			buildActionMask = 2147483647;
			files = (
				94311A0E298E16F200B41505 /* LaunchScreen.storyboard in Resources */,
				94311A0B298E16F200B41505 /* Assets.xcassets in Resources */,
				94311A09298E16EF00B41505 /* Main.storyboard in Resources */,
			);
			runOnlyForDeploymentPostprocessing = 0;
		};
		94311A12298E16F200B41505 /* Resources */ = {
			isa = PBXResourcesBuildPhase;
			buildActionMask = 2147483647;
			files = (
			);
			runOnlyForDeploymentPostprocessing = 0;
		};
		94311A1C298E16F200B41505 /* Resources */ = {
			isa = PBXResourcesBuildPhase;
			buildActionMask = 2147483647;
			files = (
			);
			runOnlyForDeploymentPostprocessing = 0;
		};
/* End PBXResourcesBuildPhase section */

/* Begin PBXSourcesBuildPhase section */
		943119FA298E16EF00B41505 /* Sources */ = {
			isa = PBXSourcesBuildPhase;
			buildActionMask = 2147483647;
			files = (
				94311A06298E16EF00B41505 /* ViewController.swift in Sources */,
				94311A02298E16EF00B41505 /* AppDelegate.swift in Sources */,
				94311A32298E185500B41505 /* MainTabBarController.swift in Sources */,
				94311A04298E16EF00B41505 /* SceneDelegate.swift in Sources */,
			);
			runOnlyForDeploymentPostprocessing = 0;
		};
		94311A10298E16F200B41505 /* Sources */ = {
			isa = PBXSourcesBuildPhase;
			buildActionMask = 2147483647;
			files = (
				94311A19298E16F200B41505 /* MyDietDiaryApp2Tests.swift in Sources */,
			);
			runOnlyForDeploymentPostprocessing = 0;
		};
		94311A1A298E16F200B41505 /* Sources */ = {
			isa = PBXSourcesBuildPhase;
			buildActionMask = 2147483647;
			files = (
				94311A23298E16F200B41505 /* MyDietDiaryApp2UITests.swift in Sources */,
				94311A25298E16F200B41505 /* MyDietDiaryApp2UITestsLaunchTests.swift in Sources */,
			);
			runOnlyForDeploymentPostprocessing = 0;
		};
/* End PBXSourcesBuildPhase section */

/* Begin PBXTargetDependency section */
		94311A16298E16F200B41505 /* PBXTargetDependency */ = {
			isa = PBXTargetDependency;
			target = 943119FD298E16EF00B41505 /* MyDietDiaryApp2 */;
			targetProxy = 94311A15298E16F200B41505 /* PBXContainerItemProxy */;
		};
		94311A20298E16F200B41505 /* PBXTargetDependency */ = {
			isa = PBXTargetDependency;
			target = 943119FD298E16EF00B41505 /* MyDietDiaryApp2 */;
			targetProxy = 94311A1F298E16F200B41505 /* PBXContainerItemProxy */;
		};
/* End PBXTargetDependency section */

/* Begin PBXVariantGroup section */
		94311A07298E16EF00B41505 /* Main.storyboard */ = {
			isa = PBXVariantGroup;
			children = (
				94311A08298E16EF00B41505 /* Base */,
			);
			name = Main.storyboard;
			sourceTree = "<group>";
		};
		94311A0C298E16F200B41505 /* LaunchScreen.storyboard */ = {
			isa = PBXVariantGroup;
			children = (
				94311A0D298E16F200B41505 /* Base */,
			);
			name = LaunchScreen.storyboard;
			sourceTree = "<group>";
		};
/* End PBXVariantGroup section */

/* Begin XCBuildConfiguration section */
		94311A26298E16F200B41505 /* Debug */ = {
			isa = XCBuildConfiguration;
			buildSettings = {
				ALWAYS_SEARCH_USER_PATHS = NO;
				CLANG_ANALYZER_NONNULL = YES;
				CLANG_ANALYZER_NUMBER_OBJECT_CONVERSION = YES_AGGRESSIVE;
				CLANG_CXX_LANGUAGE_STANDARD = "gnu++17";
				CLANG_ENABLE_MODULES = YES;
				CLANG_ENABLE_OBJC_ARC = YES;
				CLANG_ENABLE_OBJC_WEAK = YES;
				CLANG_WARN_BLOCK_CAPTURE_AUTORELEASING = YES;
				CLANG_WARN_BOOL_CONVERSION = YES;
				CLANG_WARN_COMMA = YES;
				CLANG_WARN_CONSTANT_CONVERSION = YES;
				CLANG_WARN_DEPRECATED_OBJC_IMPLEMENTATIONS = YES;
				CLANG_WARN_DIRECT_OBJC_ISA_USAGE = YES_ERROR;
				CLANG_WARN_DOCUMENTATION_COMMENTS = YES;
				CLANG_WARN_EMPTY_BODY = YES;
				CLANG_WARN_ENUM_CONVERSION = YES;
				CLANG_WARN_INFINITE_RECURSION = YES;
				CLANG_WARN_INT_CONVERSION = YES;
				CLANG_WARN_NON_LITERAL_NULL_CONVERSION = YES;
				CLANG_WARN_OBJC_IMPLICIT_RETAIN_SELF = YES;
				CLANG_WARN_OBJC_LITERAL_CONVERSION = YES;
				CLANG_WARN_OBJC_ROOT_CLASS = YES_ERROR;
				CLANG_WARN_QUOTED_INCLUDE_IN_FRAMEWORK_HEADER = YES;
				CLANG_WARN_RANGE_LOOP_ANALYSIS = YES;
				CLANG_WARN_STRICT_PROTOTYPES = YES;
				CLANG_WARN_SUSPICIOUS_MOVE = YES;
				CLANG_WARN_UNGUARDED_AVAILABILITY = YES_AGGRESSIVE;
				CLANG_WARN_UNREACHABLE_CODE = YES;
				CLANG_WARN__DUPLICATE_METHOD_MATCH = YES;
				COPY_PHASE_STRIP = NO;
				DEBUG_INFORMATION_FORMAT = dwarf;
				ENABLE_STRICT_OBJC_MSGSEND = YES;
				ENABLE_TESTABILITY = YES;
				GCC_C_LANGUAGE_STANDARD = gnu11;
				GCC_DYNAMIC_NO_PIC = NO;
				GCC_NO_COMMON_BLOCKS = YES;
				GCC_OPTIMIZATION_LEVEL = 0;
				GCC_PREPROCESSOR_DEFINITIONS = (
					"DEBUG=1",
					"$(inherited)",
				);
				GCC_WARN_64_TO_32_BIT_CONVERSION = YES;
				GCC_WARN_ABOUT_RETURN_TYPE = YES_ERROR;
				GCC_WARN_UNDECLARED_SELECTOR = YES;
				GCC_WARN_UNINITIALIZED_AUTOS = YES_AGGRESSIVE;
				GCC_WARN_UNUSED_FUNCTION = YES;
				GCC_WARN_UNUSED_VARIABLE = YES;
				IPHONEOS_DEPLOYMENT_TARGET = 15.5;
				MTL_ENABLE_DEBUG_INFO = INCLUDE_SOURCE;
				MTL_FAST_MATH = YES;
				ONLY_ACTIVE_ARCH = YES;
				SDKROOT = iphoneos;
				SWIFT_ACTIVE_COMPILATION_CONDITIONS = DEBUG;
				SWIFT_OPTIMIZATION_LEVEL = "-Onone";
			};
			name = Debug;
		};
		94311A27298E16F200B41505 /* Release */ = {
			isa = XCBuildConfiguration;
			buildSettings = {
				ALWAYS_SEARCH_USER_PATHS = NO;
				CLANG_ANALYZER_NONNULL = YES;
				CLANG_ANALYZER_NUMBER_OBJECT_CONVERSION = YES_AGGRESSIVE;
				CLANG_CXX_LANGUAGE_STANDARD = "gnu++17";
				CLANG_ENABLE_MODULES = YES;
				CLANG_ENABLE_OBJC_ARC = YES;
				CLANG_ENABLE_OBJC_WEAK = YES;
				CLANG_WARN_BLOCK_CAPTURE_AUTORELEASING = YES;
				CLANG_WARN_BOOL_CONVERSION = YES;
				CLANG_WARN_COMMA = YES;
				CLANG_WARN_CONSTANT_CONVERSION = YES;
				CLANG_WARN_DEPRECATED_OBJC_IMPLEMENTATIONS = YES;
				CLANG_WARN_DIRECT_OBJC_ISA_USAGE = YES_ERROR;
				CLANG_WARN_DOCUMENTATION_COMMENTS = YES;
				CLANG_WARN_EMPTY_BODY = YES;
				CLANG_WARN_ENUM_CONVERSION = YES;
				CLANG_WARN_INFINITE_RECURSION = YES;
				CLANG_WARN_INT_CONVERSION = YES;
				CLANG_WARN_NON_LITERAL_NULL_CONVERSION = YES;
				CLANG_WARN_OBJC_IMPLICIT_RETAIN_SELF = YES;
				CLANG_WARN_OBJC_LITERAL_CONVERSION = YES;
				CLANG_WARN_OBJC_ROOT_CLASS = YES_ERROR;
				CLANG_WARN_QUOTED_INCLUDE_IN_FRAMEWORK_HEADER = YES;
				CLANG_WARN_RANGE_LOOP_ANALYSIS = YES;
				CLANG_WARN_STRICT_PROTOTYPES = YES;
				CLANG_WARN_SUSPICIOUS_MOVE = YES;
				CLANG_WARN_UNGUARDED_AVAILABILITY = YES_AGGRESSIVE;
				CLANG_WARN_UNREACHABLE_CODE = YES;
				CLANG_WARN__DUPLICATE_METHOD_MATCH = YES;
				COPY_PHASE_STRIP = NO;
				DEBUG_INFORMATION_FORMAT = "dwarf-with-dsym";
				ENABLE_NS_ASSERTIONS = NO;
				ENABLE_STRICT_OBJC_MSGSEND = YES;
				GCC_C_LANGUAGE_STANDARD = gnu11;
				GCC_NO_COMMON_BLOCKS = YES;
				GCC_WARN_64_TO_32_BIT_CONVERSION = YES;
				GCC_WARN_ABOUT_RETURN_TYPE = YES_ERROR;
				GCC_WARN_UNDECLARED_SELECTOR = YES;
				GCC_WARN_UNINITIALIZED_AUTOS = YES_AGGRESSIVE;
				GCC_WARN_UNUSED_FUNCTION = YES;
				GCC_WARN_UNUSED_VARIABLE = YES;
				IPHONEOS_DEPLOYMENT_TARGET = 15.5;
				MTL_ENABLE_DEBUG_INFO = NO;
				MTL_FAST_MATH = YES;
				SDKROOT = iphoneos;
				SWIFT_COMPILATION_MODE = wholemodule;
				SWIFT_OPTIMIZATION_LEVEL = "-O";
				VALIDATE_PRODUCT = YES;
			};
			name = Release;
		};
		94311A29298E16F300B41505 /* Debug */ = {
			isa = XCBuildConfiguration;
			buildSettings = {
				ASSETCATALOG_COMPILER_APPICON_NAME = AppIcon;
				ASSETCATALOG_COMPILER_GLOBAL_ACCENT_COLOR_NAME = AccentColor;
				CODE_SIGN_STYLE = Automatic;
				CURRENT_PROJECT_VERSION = 1;
				DEVELOPMENT_TEAM = 5VT5JWC2GU;
				GENERATE_INFOPLIST_FILE = YES;
				INFOPLIST_FILE = MyDietDiaryApp2/Info.plist;
				INFOPLIST_KEY_UIApplicationSupportsIndirectInputEvents = YES;
				INFOPLIST_KEY_UILaunchStoryboardName = LaunchScreen;
				INFOPLIST_KEY_UIMainStoryboardFile = Main;
				INFOPLIST_KEY_UISupportedInterfaceOrientations_iPad = "UIInterfaceOrientationPortrait UIInterfaceOrientationPortraitUpsideDown UIInterfaceOrientationLandscapeLeft UIInterfaceOrientationLandscapeRight";
				INFOPLIST_KEY_UISupportedInterfaceOrientations_iPhone = "UIInterfaceOrientationPortrait UIInterfaceOrientationLandscapeLeft UIInterfaceOrientationLandscapeRight";
				LD_RUNPATH_SEARCH_PATHS = (
					"$(inherited)",
					"@executable_path/Frameworks",
				);
				MARKETING_VERSION = 1.0;
				PRODUCT_BUNDLE_IDENTIFIER = "com.ios-academia.MyDietDiaryApp2";
				PRODUCT_NAME = "$(TARGET_NAME)";
				SWIFT_EMIT_LOC_STRINGS = YES;
				SWIFT_VERSION = 5.0;
				TARGETED_DEVICE_FAMILY = "1,2";
			};
			name = Debug;
		};
		94311A2A298E16F300B41505 /* Release */ = {
			isa = XCBuildConfiguration;
			buildSettings = {
				ASSETCATALOG_COMPILER_APPICON_NAME = AppIcon;
				ASSETCATALOG_COMPILER_GLOBAL_ACCENT_COLOR_NAME = AccentColor;
				CODE_SIGN_STYLE = Automatic;
				CURRENT_PROJECT_VERSION = 1;
				DEVELOPMENT_TEAM = 5VT5JWC2GU;
				GENERATE_INFOPLIST_FILE = YES;
				INFOPLIST_FILE = MyDietDiaryApp2/Info.plist;
				INFOPLIST_KEY_UIApplicationSupportsIndirectInputEvents = YES;
				INFOPLIST_KEY_UILaunchStoryboardName = LaunchScreen;
				INFOPLIST_KEY_UIMainStoryboardFile = Main;
				INFOPLIST_KEY_UISupportedInterfaceOrientations_iPad = "UIInterfaceOrientationPortrait UIInterfaceOrientationPortraitUpsideDown UIInterfaceOrientationLandscapeLeft UIInterfaceOrientationLandscapeRight";
				INFOPLIST_KEY_UISupportedInterfaceOrientations_iPhone = "UIInterfaceOrientationPortrait UIInterfaceOrientationLandscapeLeft UIInterfaceOrientationLandscapeRight";
				LD_RUNPATH_SEARCH_PATHS = (
					"$(inherited)",
					"@executable_path/Frameworks",
				);
				MARKETING_VERSION = 1.0;
				PRODUCT_BUNDLE_IDENTIFIER = "com.ios-academia.MyDietDiaryApp2";
				PRODUCT_NAME = "$(TARGET_NAME)";
				SWIFT_EMIT_LOC_STRINGS = YES;
				SWIFT_VERSION = 5.0;
				TARGETED_DEVICE_FAMILY = "1,2";
			};
			name = Release;
		};
		94311A2C298E16F300B41505 /* Debug */ = {
			isa = XCBuildConfiguration;
			buildSettings = {
				ALWAYS_EMBED_SWIFT_STANDARD_LIBRARIES = YES;
				BUNDLE_LOADER = "$(TEST_HOST)";
				CODE_SIGN_STYLE = Automatic;
				CURRENT_PROJECT_VERSION = 1;
				DEVELOPMENT_TEAM = 5VT5JWC2GU;
				GENERATE_INFOPLIST_FILE = YES;
				IPHONEOS_DEPLOYMENT_TARGET = 15.5;
				MARKETING_VERSION = 1.0;
				PRODUCT_BUNDLE_IDENTIFIER = "com.ios-academia.MyDietDiaryApp2Tests";
				PRODUCT_NAME = "$(TARGET_NAME)";
				SWIFT_EMIT_LOC_STRINGS = NO;
				SWIFT_VERSION = 5.0;
				TARGETED_DEVICE_FAMILY = "1,2";
				TEST_HOST = "$(BUILT_PRODUCTS_DIR)/MyDietDiaryApp2.app/MyDietDiaryApp2";
			};
			name = Debug;
		};
		94311A2D298E16F300B41505 /* Release */ = {
			isa = XCBuildConfiguration;
			buildSettings = {
				ALWAYS_EMBED_SWIFT_STANDARD_LIBRARIES = YES;
				BUNDLE_LOADER = "$(TEST_HOST)";
				CODE_SIGN_STYLE = Automatic;
				CURRENT_PROJECT_VERSION = 1;
				DEVELOPMENT_TEAM = 5VT5JWC2GU;
				GENERATE_INFOPLIST_FILE = YES;
				IPHONEOS_DEPLOYMENT_TARGET = 15.5;
				MARKETING_VERSION = 1.0;
				PRODUCT_BUNDLE_IDENTIFIER = "com.ios-academia.MyDietDiaryApp2Tests";
				PRODUCT_NAME = "$(TARGET_NAME)";
				SWIFT_EMIT_LOC_STRINGS = NO;
				SWIFT_VERSION = 5.0;
				TARGETED_DEVICE_FAMILY = "1,2";
				TEST_HOST = "$(BUILT_PRODUCTS_DIR)/MyDietDiaryApp2.app/MyDietDiaryApp2";
			};
			name = Release;
		};
		94311A2F298E16F300B41505 /* Debug */ = {
			isa = XCBuildConfiguration;
			buildSettings = {
				ALWAYS_EMBED_SWIFT_STANDARD_LIBRARIES = YES;
				CODE_SIGN_STYLE = Automatic;
				CURRENT_PROJECT_VERSION = 1;
				DEVELOPMENT_TEAM = 5VT5JWC2GU;
				GENERATE_INFOPLIST_FILE = YES;
				MARKETING_VERSION = 1.0;
				PRODUCT_BUNDLE_IDENTIFIER = "com.ios-academia.MyDietDiaryApp2UITests";
				PRODUCT_NAME = "$(TARGET_NAME)";
				SWIFT_EMIT_LOC_STRINGS = NO;
				SWIFT_VERSION = 5.0;
				TARGETED_DEVICE_FAMILY = "1,2";
				TEST_TARGET_NAME = MyDietDiaryApp2;
			};
			name = Debug;
		};
		94311A30298E16F300B41505 /* Release */ = {
			isa = XCBuildConfiguration;
			buildSettings = {
				ALWAYS_EMBED_SWIFT_STANDARD_LIBRARIES = YES;
				CODE_SIGN_STYLE = Automatic;
				CURRENT_PROJECT_VERSION = 1;
				DEVELOPMENT_TEAM = 5VT5JWC2GU;
				GENERATE_INFOPLIST_FILE = YES;
				MARKETING_VERSION = 1.0;
				PRODUCT_BUNDLE_IDENTIFIER = "com.ios-academia.MyDietDiaryApp2UITests";
				PRODUCT_NAME = "$(TARGET_NAME)";
				SWIFT_EMIT_LOC_STRINGS = NO;
				SWIFT_VERSION = 5.0;
				TARGETED_DEVICE_FAMILY = "1,2";
				TEST_TARGET_NAME = MyDietDiaryApp2;
			};
			name = Release;
		};
/* End XCBuildConfiguration section */

/* Begin XCConfigurationList section */
		943119F9298E16EF00B41505 /* Build configuration list for PBXProject "MyDietDiaryApp2" */ = {
			isa = XCConfigurationList;
			buildConfigurations = (
				94311A26298E16F200B41505 /* Debug */,
				94311A27298E16F200B41505 /* Release */,
			);
			defaultConfigurationIsVisible = 0;
			defaultConfigurationName = Release;
		};
		94311A28298E16F300B41505 /* Build configuration list for PBXNativeTarget "MyDietDiaryApp2" */ = {
			isa = XCConfigurationList;
			buildConfigurations = (
				94311A29298E16F300B41505 /* Debug */,
				94311A2A298E16F300B41505 /* Release */,
			);
			defaultConfigurationIsVisible = 0;
			defaultConfigurationName = Release;
		};
		94311A2B298E16F300B41505 /* Build configuration list for PBXNativeTarget "MyDietDiaryApp2Tests" */ = {
			isa = XCConfigurationList;
			buildConfigurations = (
				94311A2C298E16F300B41505 /* Debug */,
				94311A2D298E16F300B41505 /* Release */,
			);
			defaultConfigurationIsVisible = 0;
			defaultConfigurationName = Release;
		};
		94311A2E298E16F300B41505 /* Build configuration list for PBXNativeTarget "MyDietDiaryApp2UITests" */ = {
			isa = XCConfigurationList;
			buildConfigurations = (
				94311A2F298E16F300B41505 /* Debug */,
				94311A30298E16F300B41505 /* Release */,
			);
			defaultConfigurationIsVisible = 0;
			defaultConfigurationName = Release;
		};
/* End XCConfigurationList section */
	};
	rootObject = 943119F6298E16EF00B41505 /* Project object */;
}
